<?xml version="1.0" encoding="utf-8"?>
<Project ToolsVersion="4.0" xmlns="http://schemas.microsoft.com/developer/msbuild/2003">
  <ItemGroup>
    <ClCompile Include="surface.cpp">
      <Filter>template code</Filter>
    </ClCompile>
    <ClCompile Include="template.cpp">
      <Filter>template code</Filter>
    </ClCompile>
    <ClCompile Include="game.cpp">
      <Filter>game code</Filter>
    </ClCompile>
    <ClCompile Include="player.cpp">
      <Filter>game code\organisms\entity\player</Filter>
    </ClCompile>
    <ClCompile Include="animation.cpp">
      <Filter>game code\tools</Filter>
    </ClCompile>
    <ClCompile Include="entity.cpp">
      <Filter>game code\organisms\entity</Filter>
    </ClCompile>
    <ClCompile Include="base.cpp">
      <Filter>game code\organisms</Filter>
    </ClCompile>
    <ClCompile Include="object.cpp">
      <Filter>game code\environment\object</Filter>
    </ClCompile>
    <ClCompile Include="wall.cpp">
      <Filter>game code\environment</Filter>
    </ClCompile>
    <ClCompile Include="will.cpp">
      <Filter>game code\environment\object\will</Filter>
    </ClCompile>
    <ClCompile Include="level.cpp">
      <Filter>game code\environment</Filter>
    </ClCompile>
    <ClCompile Include="collision.cpp">
      <Filter>game code\tools</Filter>
    </ClCompile>
  </ItemGroup>
  <ItemGroup>
    <ClInclude Include="surface.h">
      <Filter>template code</Filter>
    </ClInclude>
    <ClInclude Include="template.h">
      <Filter>template code</Filter>
    </ClInclude>
    <ClInclude Include="game.h">
      <Filter>game code</Filter>
    </ClInclude>
    <ClInclude Include="player.h">
      <Filter>game code\organisms\entity\player</Filter>
    </ClInclude>
    <ClInclude Include="animation.h">
      <Filter>game code\tools</Filter>
    </ClInclude>
    <ClInclude Include="entity.h">
      <Filter>game code\organisms\entity</Filter>
    </ClInclude>
    <ClInclude Include="base.h">
      <Filter>game code\organisms</Filter>
    </ClInclude>
    <ClInclude Include="object.h">
      <Filter>game code\environment\object</Filter>
    </ClInclude>
    <ClInclude Include="wall.h">
      <Filter>game code\environment</Filter>
    </ClInclude>
    <ClInclude Include="will.h">
      <Filter>game code\environment\object\will</Filter>
    </ClInclude>
    <ClInclude Include="level.h">
      <Filter>game code\environment</Filter>
    </ClInclude>
    <ClInclude Include="collision.h">
      <Filter>game code\tools</Filter>
    </ClInclude>
  </ItemGroup>
  <ItemGroup>
    <Filter Include="template code">
      <UniqueIdentifier>{bf32dd6e-4be7-4889-8ac6-49e7ee163c40}</UniqueIdentifier>
    </Filter>
    <Filter Include="game code">
      <UniqueIdentifier>{6d19cd33-2d8f-46ca-898b-a3aa0182f899}</UniqueIdentifier>
    </Filter>
    <Filter Include="game code\tools">
      <UniqueIdentifier>{48f5b2c1-f288-4102-93e8-3dd645a8f2b8}</UniqueIdentifier>
    </Filter>
    <Filter Include="game code\environment">
      <UniqueIdentifier>{e04d3ff1-7acb-4b9b-a44a-b153ef462e6a}</UniqueIdentifier>
    </Filter>
    <Filter Include="game code\environment\object">
      <UniqueIdentifier>{5105fee8-c85a-4371-a680-cf2f8e53ccdd}</UniqueIdentifier>
    </Filter>
    <Filter Include="game code\environment\object\will">
      <UniqueIdentifier>{71ccc90b-3fe5-4a12-80ec-9c0feb159401}</UniqueIdentifier>
    </Filter>
    <Filter Include="game code\organisms">
      <UniqueIdentifier>{3145edb8-bed9-4090-9e36-9e4f63f0bbe6}</UniqueIdentifier>
    </Filter>
    <Filter Include="game code\organisms\entity">
      <UniqueIdentifier>{12ecd37b-3b45-4478-9b15-e4082044d317}</UniqueIdentifier>
    </Filter>
    <Filter Include="game code\organisms\entity\player">
      <UniqueIdentifier>{fa01d26c-9002-4838-8df4-128597aa2ca1}</UniqueIdentifier>
    </Filter>
  </ItemGroup>
  <ItemGroup>
    <Text Include="_readme.txt">
      <Filter>template code</Filter>
    </Text>
  </ItemGroup>
</Project>